# IF THERE'S A GIT CONFLICT IN THIS FILE, DON'T SOLVE IT MANUALLY!
# INSTEAD EXECUTE `prisma migrate fix`
# Prisma Migrate lockfile v1
# Read more about conflict resolution here: TODO

20200406104724-2020-04-06-001
20200406105035
20200406181310
20200406181402
20200406181442
20200406181513
20200406181916